
Microsoft Visual Studio Solution File, Format Version 12.00
# Visual Studio 15
VisualStudioVersion = 15.0.28307.421
MinimumVisualStudioVersion = 10.0.40219.1
Project("{FAE04EC0-301F-11D3-BF4B-00C04F79EFBC}") = "GitSubmodulesLib1", "GitSubmodulesLib1\GitSubmodulesLib1.csproj", "{083DF586-6D0E-4E55-BBB3-9B6DBA747838}"
EndProject
Global
	GlobalSection(SolutionConfigurationPlatforms) = preSolution
		Debug|Any CPU = Debug|Any CPU
		Release|Any CPU = Release|Any CPU
	EndGlobalSection
	GlobalSection(ProjectConfigurationPlatforms) = postSolution
		{083DF586-6D0E-4E55-BBB3-9B6DBA747838}.Debug|Any CPU.ActiveCfg = Debug|Any CPU
		{083DF586-6D0E-4E55-BBB3-9B6DBA747838}.Debug|Any CPU.Build.0 = Debug|Any CPU
		{083DF586-6D0E-4E55-BBB3-9B6DBA747838}.Release|Any CPU.ActiveCfg = Release|Any CPU
		{083DF586-6D0E-4E55-BBB3-9B6DBA747838}.Release|Any CPU.Build.0 = Release|Any CPU
	EndGlobalSection
	GlobalSection(SolutionProperties) = preSolution
		HideSolutionNode = FALSE
	EndGlobalSection
	GlobalSection(ExtensibilityGlobals) = postSolution
		SolutionGuid = {3FF4F598-EE2D-4F67-923D-8C3FF047D737}
	EndGlobalSection
EndGlobal
